
Microsoft Visual Studio Solution File, Format Version 12.00
# Visual Studio 14
VisualStudioVersion = 14.0.25420.1
MinimumVisualStudioVersion = 10.0.40219.1
Project("{8BC9CEB8-8B4A-11D0-8D11-00A0C91BC942}") = "MiaDaBao", "MiaDaBao\MiaDaBao.vcxproj", "{BDAB9A81-0437-4184-B093-8C0E37BCB719}"
	ProjectSection(ProjectDependencies) = postProject
		{58CE0806-C972-4DC1-B2B8-F529283F2337} = {58CE0806-C972-4DC1-B2B8-F529283F2337}
		{E106ACD7-4E53-4AEE-942B-D0DD426DB34E} = {E106ACD7-4E53-4AEE-942B-D0DD426DB34E}
	EndProjectSection
EndProject
Project("{8BC9CEB8-8B4A-11D0-8D11-00A0C91BC942}") = "DuiLib", "DirectUI\DuiLib.vcxproj", "{E106ACD7-4E53-4AEE-942B-D0DD426DB34E}"
EndProject
Project("{8BC9CEB8-8B4A-11D0-8D11-00A0C91BC942}") = "Baselib", "Baselib\Baselib.vcxproj", "{58CE0806-C972-4DC1-B2B8-F529283F2337}"
EndProject
Global
	GlobalSection(SolutionConfigurationPlatforms) = preSolution
		Debug|ARM = Debug|ARM
		Debug|Win32 = Debug|Win32
		Debug|x64 = Debug|x64
		Debug|x86 = Debug|x86
		NonXP_Debug|ARM = NonXP_Debug|ARM
		NonXP_Debug|Win32 = NonXP_Debug|Win32
		NonXP_Debug|x64 = NonXP_Debug|x64
		NonXP_Debug|x86 = NonXP_Debug|x86
		NonXP_Release|ARM = NonXP_Release|ARM
		NonXP_Release|Win32 = NonXP_Release|Win32
		NonXP_Release|x64 = NonXP_Release|x64
		NonXP_Release|x86 = NonXP_Release|x86
		Release|ARM = Release|ARM
		Release|Win32 = Release|Win32
		Release|x64 = Release|x64
		Release|x86 = Release|x86
	EndGlobalSection
	GlobalSection(ProjectConfigurationPlatforms) = postSolution
		{BDAB9A81-0437-4184-B093-8C0E37BCB719}.Debug|ARM.ActiveCfg = Debug|Win32
		{BDAB9A81-0437-4184-B093-8C0E37BCB719}.Debug|ARM.Build.0 = Debug|Win32
		{BDAB9A81-0437-4184-B093-8C0E37BCB719}.Debug|Win32.ActiveCfg = Debug|Win32
		{BDAB9A81-0437-4184-B093-8C0E37BCB719}.Debug|Win32.Build.0 = Debug|Win32
		{BDAB9A81-0437-4184-B093-8C0E37BCB719}.Debug|x64.ActiveCfg = Debug|x64
		{BDAB9A81-0437-4184-B093-8C0E37BCB719}.Debug|x64.Build.0 = Debug|x64
		{BDAB9A81-0437-4184-B093-8C0E37BCB719}.Debug|x86.ActiveCfg = Debug|Win32
		{BDAB9A81-0437-4184-B093-8C0E37BCB719}.Debug|x86.Build.0 = Debug|Win32
		{BDAB9A81-0437-4184-B093-8C0E37BCB719}.NonXP_Debug|ARM.ActiveCfg = Debug|ARM
		{BDAB9A81-0437-4184-B093-8C0E37BCB719}.NonXP_Debug|ARM.Build.0 = Debug|ARM
		{BDAB9A81-0437-4184-B093-8C0E37BCB719}.NonXP_Debug|Win32.ActiveCfg = Debug|Win32
		{BDAB9A81-0437-4184-B093-8C0E37BCB719}.NonXP_Debug|Win32.Build.0 = Debug|Win32
		{BDAB9A81-0437-4184-B093-8C0E37BCB719}.NonXP_Debug|x64.ActiveCfg = Debug|x64
		{BDAB9A81-0437-4184-B093-8C0E37BCB719}.NonXP_Debug|x64.Build.0 = Debug|x64
		{BDAB9A81-0437-4184-B093-8C0E37BCB719}.NonXP_Debug|x86.ActiveCfg = Debug|Win32
		{BDAB9A81-0437-4184-B093-8C0E37BCB719}.NonXP_Debug|x86.Build.0 = Debug|Win32
		{BDAB9A81-0437-4184-B093-8C0E37BCB719}.NonXP_Release|ARM.ActiveCfg = Release|ARM
		{BDAB9A81-0437-4184-B093-8C0E37BCB719}.NonXP_Release|ARM.Build.0 = Release|ARM
		{BDAB9A81-0437-4184-B093-8C0E37BCB719}.NonXP_Release|Win32.ActiveCfg = Release|Win32
		{BDAB9A81-0437-4184-B093-8C0E37BCB719}.NonXP_Release|Win32.Build.0 = Release|Win32
		{BDAB9A81-0437-4184-B093-8C0E37BCB719}.NonXP_Release|x64.ActiveCfg = Release|x64
		{BDAB9A81-0437-4184-B093-8C0E37BCB719}.NonXP_Release|x64.Build.0 = Release|x64
		{BDAB9A81-0437-4184-B093-8C0E37BCB719}.NonXP_Release|x86.ActiveCfg = Release|Win32
		{BDAB9A81-0437-4184-B093-8C0E37BCB719}.NonXP_Release|x86.Build.0 = Release|Win32
		{BDAB9A81-0437-4184-B093-8C0E37BCB719}.Release|ARM.ActiveCfg = Release|ARM
		{BDAB9A81-0437-4184-B093-8C0E37BCB719}.Release|ARM.Build.0 = Release|ARM
		{BDAB9A81-0437-4184-B093-8C0E37BCB719}.Release|Win32.ActiveCfg = Release|Win32
		{BDAB9A81-0437-4184-B093-8C0E37BCB719}.Release|Win32.Build.0 = Release|Win32
		{BDAB9A81-0437-4184-B093-8C0E37BCB719}.Release|x64.ActiveCfg = Release|x64
		{BDAB9A81-0437-4184-B093-8C0E37BCB719}.Release|x64.Build.0 = Release|x64
		{BDAB9A81-0437-4184-B093-8C0E37BCB719}.Release|x86.ActiveCfg = Release|Win32
		{BDAB9A81-0437-4184-B093-8C0E37BCB719}.Release|x86.Build.0 = Release|Win32
		{E106ACD7-4E53-4AEE-942B-D0DD426DB34E}.Debug|ARM.ActiveCfg = Debug|Win32
		{E106ACD7-4E53-4AEE-942B-D0DD426DB34E}.Debug|Win32.ActiveCfg = Debug|Win32
		{E106ACD7-4E53-4AEE-942B-D0DD426DB34E}.Debug|Win32.Build.0 = Debug|Win32
		{E106ACD7-4E53-4AEE-942B-D0DD426DB34E}.Debug|x64.ActiveCfg = Debug|Win32
		{E106ACD7-4E53-4AEE-942B-D0DD426DB34E}.Debug|x86.ActiveCfg = Debug|Win32
		{E106ACD7-4E53-4AEE-942B-D0DD426DB34E}.Debug|x86.Build.0 = Debug|Win32
		{E106ACD7-4E53-4AEE-942B-D0DD426DB34E}.NonXP_Debug|ARM.ActiveCfg = NonXP_Debug|Win32
		{E106ACD7-4E53-4AEE-942B-D0DD426DB34E}.NonXP_Debug|Win32.ActiveCfg = NonXP_Debug|Win32
		{E106ACD7-4E53-4AEE-942B-D0DD426DB34E}.NonXP_Debug|Win32.Build.0 = NonXP_Debug|Win32
		{E106ACD7-4E53-4AEE-942B-D0DD426DB34E}.NonXP_Debug|x64.ActiveCfg = NonXP_Debug|Win32
		{E106ACD7-4E53-4AEE-942B-D0DD426DB34E}.NonXP_Debug|x86.ActiveCfg = NonXP_Debug|Win32
		{E106ACD7-4E53-4AEE-942B-D0DD426DB34E}.NonXP_Debug|x86.Build.0 = NonXP_Debug|Win32
		{E106ACD7-4E53-4AEE-942B-D0DD426DB34E}.NonXP_Release|ARM.ActiveCfg = NonXP_Release|Win32
		{E106ACD7-4E53-4AEE-942B-D0DD426DB34E}.NonXP_Release|Win32.ActiveCfg = NonXP_Release|Win32
		{E106ACD7-4E53-4AEE-942B-D0DD426DB34E}.NonXP_Release|Win32.Build.0 = NonXP_Release|Win32
		{E106ACD7-4E53-4AEE-942B-D0DD426DB34E}.NonXP_Release|x64.ActiveCfg = NonXP_Release|Win32
		{E106ACD7-4E53-4AEE-942B-D0DD426DB34E}.NonXP_Release|x86.ActiveCfg = NonXP_Release|Win32
		{E106ACD7-4E53-4AEE-942B-D0DD426DB34E}.NonXP_Release|x86.Build.0 = NonXP_Release|Win32
		{E106ACD7-4E53-4AEE-942B-D0DD426DB34E}.Release|ARM.ActiveCfg = Release|Win32
		{E106ACD7-4E53-4AEE-942B-D0DD426DB34E}.Release|Win32.ActiveCfg = Release|Win32
		{E106ACD7-4E53-4AEE-942B-D0DD426DB34E}.Release|Win32.Build.0 = Release|Win32
		{E106ACD7-4E53-4AEE-942B-D0DD426DB34E}.Release|x64.ActiveCfg = Release|Win32
		{E106ACD7-4E53-4AEE-942B-D0DD426DB34E}.Release|x86.ActiveCfg = Release|Win32
		{E106ACD7-4E53-4AEE-942B-D0DD426DB34E}.Release|x86.Build.0 = Release|Win32
		{58CE0806-C972-4DC1-B2B8-F529283F2337}.Debug|ARM.ActiveCfg = Debug|Win32
		{58CE0806-C972-4DC1-B2B8-F529283F2337}.Debug|Win32.ActiveCfg = Debug|Win32
		{58CE0806-C972-4DC1-B2B8-F529283F2337}.Debug|Win32.Build.0 = Debug|Win32
		{58CE0806-C972-4DC1-B2B8-F529283F2337}.Debug|x64.ActiveCfg = Debug|Win32
		{58CE0806-C972-4DC1-B2B8-F529283F2337}.Debug|x86.ActiveCfg = Debug|Win32
		{58CE0806-C972-4DC1-B2B8-F529283F2337}.Debug|x86.Build.0 = Debug|Win32
		{58CE0806-C972-4DC1-B2B8-F529283F2337}.NonXP_Debug|ARM.ActiveCfg = Release|Win32
		{58CE0806-C972-4DC1-B2B8-F529283F2337}.NonXP_Debug|ARM.Build.0 = Release|Win32
		{58CE0806-C972-4DC1-B2B8-F529283F2337}.NonXP_Debug|Win32.ActiveCfg = Debug|Win32
		{58CE0806-C972-4DC1-B2B8-F529283F2337}.NonXP_Debug|Win32.Build.0 = Debug|Win32
		{58CE0806-C972-4DC1-B2B8-F529283F2337}.NonXP_Debug|x64.ActiveCfg = Release|Win32
		{58CE0806-C972-4DC1-B2B8-F529283F2337}.NonXP_Debug|x64.Build.0 = Release|Win32
		{58CE0806-C972-4DC1-B2B8-F529283F2337}.NonXP_Debug|x86.ActiveCfg = Debug|Win32
		{58CE0806-C972-4DC1-B2B8-F529283F2337}.NonXP_Debug|x86.Build.0 = Debug|Win32
		{58CE0806-C972-4DC1-B2B8-F529283F2337}.NonXP_Release|ARM.ActiveCfg = Release|Win32
		{58CE0806-C972-4DC1-B2B8-F529283F2337}.NonXP_Release|ARM.Build.0 = Release|Win32
		{58CE0806-C972-4DC1-B2B8-F529283F2337}.NonXP_Release|Win32.ActiveCfg = Release|Win32
		{58CE0806-C972-4DC1-B2B8-F529283F2337}.NonXP_Release|Win32.Build.0 = Release|Win32
		{58CE0806-C972-4DC1-B2B8-F529283F2337}.NonXP_Release|x64.ActiveCfg = Release|Win32
		{58CE0806-C972-4DC1-B2B8-F529283F2337}.NonXP_Release|x64.Build.0 = Release|Win32
		{58CE0806-C972-4DC1-B2B8-F529283F2337}.NonXP_Release|x86.ActiveCfg = Release|Win32
		{58CE0806-C972-4DC1-B2B8-F529283F2337}.NonXP_Release|x86.Build.0 = Release|Win32
		{58CE0806-C972-4DC1-B2B8-F529283F2337}.Release|ARM.ActiveCfg = Release|Win32
		{58CE0806-C972-4DC1-B2B8-F529283F2337}.Release|Win32.ActiveCfg = Release|Win32
		{58CE0806-C972-4DC1-B2B8-F529283F2337}.Release|Win32.Build.0 = Release|Win32
		{58CE0806-C972-4DC1-B2B8-F529283F2337}.Release|x64.ActiveCfg = Release|Win32
		{58CE0806-C972-4DC1-B2B8-F529283F2337}.Release|x86.ActiveCfg = Release|Win32
		{58CE0806-C972-4DC1-B2B8-F529283F2337}.Release|x86.Build.0 = Release|Win32
	EndGlobalSection
	GlobalSection(SolutionProperties) = preSolution
		HideSolutionNode = FALSE
	EndGlobalSection
EndGlobal
